// !$*UTF8*$!
{
	archiveVersion = 1;
	classes = {
	};
	objectVersion = 50;
	objects = {

/* Begin PBXBuildFile section */
		223F0CCA20D5BDDC00279E11 /* AlbumDetailController.swift in Sources */ = {isa = PBXBuildFile; fileRef = 223F0CC920D5BDDC00279E11 /* AlbumDetailController.swift */; };
		223F0CCC20D5BFC400279E11 /* AlbumDetailViewModel.swift in Sources */ = {isa = PBXBuildFile; fileRef = 223F0CCB20D5BFC400279E11 /* AlbumDetailViewModel.swift */; };
		223F0CCE20D5C5B400279E11 /* AlbumDetailDataSource.swift in Sources */ = {isa = PBXBuildFile; fileRef = 223F0CCD20D5C5B400279E11 /* AlbumDetailDataSource.swift */; };
		223F0CD020D5C68E00279E11 /* SongCell.swift in Sources */ = {isa = PBXBuildFile; fileRef = 223F0CCF20D5C68E00279E11 /* SongCell.swift */; };
		223F0CD220D5C7E200279E11 /* SongViewModel.swift in Sources */ = {isa = PBXBuildFile; fileRef = 223F0CD120D5C7E200279E11 /* SongViewModel.swift */; };
		223F0CD520D5D11A00279E11 /* ItunesMedia.swift in Sources */ = {isa = PBXBuildFile; fileRef = 223F0CD420D5D11A00279E11 /* ItunesMedia.swift */; };
		223F0CD720D5D17200279E11 /* Endpoint.swift in Sources */ = {isa = PBXBuildFile; fileRef = 223F0CD620D5D17200279E11 /* Endpoint.swift */; };
		2272F09F20CDDB6400781228 /* AlbumListController.swift in Sources */ = {isa = PBXBuildFile; fileRef = 2272F09E20CDDB6400781228 /* AlbumListController.swift */; };
		2272F0A120CDDC1100781228 /* AlbumCell.swift in Sources */ = {isa = PBXBuildFile; fileRef = 2272F0A020CDDC1100781228 /* AlbumCell.swift */; };
		2272F0A320CDDE5700781228 /* AlbumListDataSource.swift in Sources */ = {isa = PBXBuildFile; fileRef = 2272F0A220CDDE5700781228 /* AlbumListDataSource.swift */; };
		2272F0A620CDE1B300781228 /* AlbumCellViewModel.swift in Sources */ = {isa = PBXBuildFile; fileRef = 2272F0A520CDE1B300781228 /* AlbumCellViewModel.swift */; };
		22A8B5BA20D71FCD00A8CF6E /* ItunesEntity.swift in Sources */ = {isa = PBXBuildFile; fileRef = 22A8B5B920D71FCD00A8CF6E /* ItunesEntity.swift */; };
		22A8B5BC20D724D400A8CF6E /* QueryItemProvider.swift in Sources */ = {isa = PBXBuildFile; fileRef = 22A8B5BB20D724D400A8CF6E /* QueryItemProvider.swift */; };
		22A8B5BE20D72C5400A8CF6E /* ItunesAttribute.swift in Sources */ = {isa = PBXBuildFile; fileRef = 22A8B5BD20D72C5400A8CF6E /* ItunesAttribute.swift */; };
		22B7629A20BF9B6B00A8D84F /* AppDelegate.swift in Sources */ = {isa = PBXBuildFile; fileRef = 22B7629920BF9B6B00A8D84F /* AppDelegate.swift */; };
		22B7629C20BF9B6B00A8D84F /* ViewController.swift in Sources */ = {isa = PBXBuildFile; fileRef = 22B7629B20BF9B6B00A8D84F /* ViewController.swift */; };
		22B7629F20BF9B6B00A8D84F /* Main.storyboard in Resources */ = {isa = PBXBuildFile; fileRef = 22B7629D20BF9B6B00A8D84F /* Main.storyboard */; };
		22B762A120BF9B6D00A8D84F /* Assets.xcassets in Resources */ = {isa = PBXBuildFile; fileRef = 22B762A020BF9B6D00A8D84F /* Assets.xcassets */; };
		22B762A420BF9B6D00A8D84F /* LaunchScreen.storyboard in Resources */ = {isa = PBXBuildFile; fileRef = 22B762A220BF9B6D00A8D84F /* LaunchScreen.storyboard */; };
		22B762AF20BF9BDC00A8D84F /* Artist.swift in Sources */ = {isa = PBXBuildFile; fileRef = 22B762AE20BF9BDC00A8D84F /* Artist.swift */; };
		22B762B120BF9D0700A8D84F /* Genre.swift in Sources */ = {isa = PBXBuildFile; fileRef = 22B762B020BF9D0700A8D84F /* Genre.swift */; };
		22B762B320BF9D7A00A8D84F /* Album.swift in Sources */ = {isa = PBXBuildFile; fileRef = 22B762B220BF9D7A00A8D84F /* Album.swift */; };
		22B762B520BFA05B00A8D84F /* Song.swift in Sources */ = {isa = PBXBuildFile; fileRef = 22B762B420BFA05B00A8D84F /* Song.swift */; };
		22B762B720BFA41800A8D84F /* Stub.swift in Sources */ = {isa = PBXBuildFile; fileRef = 22B762B620BFA41800A8D84F /* Stub.swift */; };
		22B762B920BFB6FA00A8D84F /* SearchResultsController.swift in Sources */ = {isa = PBXBuildFile; fileRef = 22B762B820BFB6FA00A8D84F /* SearchResultsController.swift */; };
		22B762BC20BFBC3600A8D84F /* SearchResultsDataSource.swift in Sources */ = {isa = PBXBuildFile; fileRef = 22B762BB20BFBC3600A8D84F /* SearchResultsDataSource.swift */; };
/* End PBXBuildFile section */

/* Begin PBXFileReference section */
		223F0CC920D5BDDC00279E11 /* AlbumDetailController.swift */ = {isa = PBXFileReference; lastKnownFileType = sourcecode.swift; path = AlbumDetailController.swift; sourceTree = "<group>"; };
		223F0CCB20D5BFC400279E11 /* AlbumDetailViewModel.swift */ = {isa = PBXFileReference; lastKnownFileType = sourcecode.swift; path = AlbumDetailViewModel.swift; sourceTree = "<group>"; };
		223F0CCD20D5C5B400279E11 /* AlbumDetailDataSource.swift */ = {isa = PBXFileReference; lastKnownFileType = sourcecode.swift; path = AlbumDetailDataSource.swift; sourceTree = "<group>"; };
		223F0CCF20D5C68E00279E11 /* SongCell.swift */ = {isa = PBXFileReference; lastKnownFileType = sourcecode.swift; path = SongCell.swift; sourceTree = "<group>"; };
		223F0CD120D5C7E200279E11 /* SongViewModel.swift */ = {isa = PBXFileReference; lastKnownFileType = sourcecode.swift; path = SongViewModel.swift; sourceTree = "<group>"; };
		223F0CD420D5D11A00279E11 /* ItunesMedia.swift */ = {isa = PBXFileReference; lastKnownFileType = sourcecode.swift; path = ItunesMedia.swift; sourceTree = "<group>"; };
		223F0CD620D5D17200279E11 /* Endpoint.swift */ = {isa = PBXFileReference; lastKnownFileType = sourcecode.swift; path = Endpoint.swift; sourceTree = "<group>"; };
		2272F09E20CDDB6400781228 /* AlbumListController.swift */ = {isa = PBXFileReference; lastKnownFileType = sourcecode.swift; path = AlbumListController.swift; sourceTree = "<group>"; };
		2272F0A020CDDC1100781228 /* AlbumCell.swift */ = {isa = PBXFileReference; lastKnownFileType = sourcecode.swift; path = AlbumCell.swift; sourceTree = "<group>"; };
		2272F0A220CDDE5700781228 /* AlbumListDataSource.swift */ = {isa = PBXFileReference; lastKnownFileType = sourcecode.swift; path = AlbumListDataSource.swift; sourceTree = "<group>"; };
		2272F0A520CDE1B300781228 /* AlbumCellViewModel.swift */ = {isa = PBXFileReference; lastKnownFileType = sourcecode.swift; path = AlbumCellViewModel.swift; sourceTree = "<group>"; };
		22A8B5B920D71FCD00A8CF6E /* ItunesEntity.swift */ = {isa = PBXFileReference; lastKnownFileType = sourcecode.swift; path = ItunesEntity.swift; sourceTree = "<group>"; };
		22A8B5BB20D724D400A8CF6E /* QueryItemProvider.swift */ = {isa = PBXFileReference; lastKnownFileType = sourcecode.swift; path = QueryItemProvider.swift; sourceTree = "<group>"; };
		22A8B5BD20D72C5400A8CF6E /* ItunesAttribute.swift */ = {isa = PBXFileReference; lastKnownFileType = sourcecode.swift; path = ItunesAttribute.swift; sourceTree = "<group>"; };
		22B7629620BF9B6B00A8D84F /* iTunesClient.app */ = {isa = PBXFileReference; explicitFileType = wrapper.application; includeInIndex = 0; path = iTunesClient.app; sourceTree = BUILT_PRODUCTS_DIR; };
		22B7629920BF9B6B00A8D84F /* AppDelegate.swift */ = {isa = PBXFileReference; lastKnownFileType = sourcecode.swift; path = AppDelegate.swift; sourceTree = "<group>"; };
		22B7629B20BF9B6B00A8D84F /* ViewController.swift */ = {isa = PBXFileReference; lastKnownFileType = sourcecode.swift; path = ViewController.swift; sourceTree = "<group>"; };
		22B7629E20BF9B6B00A8D84F /* Base */ = {isa = PBXFileReference; lastKnownFileType = file.storyboard; name = Base; path = Base.lproj/Main.storyboard; sourceTree = "<group>"; };
		22B762A020BF9B6D00A8D84F /* Assets.xcassets */ = {isa = PBXFileReference; lastKnownFileType = folder.assetcatalog; path = Assets.xcassets; sourceTree = "<group>"; };
		22B762A320BF9B6D00A8D84F /* Base */ = {isa = PBXFileReference; lastKnownFileType = file.storyboard; name = Base; path = Base.lproj/LaunchScreen.storyboard; sourceTree = "<group>"; };
		22B762A520BF9B6D00A8D84F /* Info.plist */ = {isa = PBXFileReference; lastKnownFileType = text.plist.xml; path = Info.plist; sourceTree = "<group>"; };
		22B762AE20BF9BDC00A8D84F /* Artist.swift */ = {isa = PBXFileReference; lastKnownFileType = sourcecode.swift; path = Artist.swift; sourceTree = "<group>"; };
		22B762B020BF9D0700A8D84F /* Genre.swift */ = {isa = PBXFileReference; lastKnownFileType = sourcecode.swift; path = Genre.swift; sourceTree = "<group>"; };
		22B762B220BF9D7A00A8D84F /* Album.swift */ = {isa = PBXFileReference; lastKnownFileType = sourcecode.swift; path = Album.swift; sourceTree = "<group>"; };
		22B762B420BFA05B00A8D84F /* Song.swift */ = {isa = PBXFileReference; lastKnownFileType = sourcecode.swift; path = Song.swift; sourceTree = "<group>"; };
		22B762B620BFA41800A8D84F /* Stub.swift */ = {isa = PBXFileReference; lastKnownFileType = sourcecode.swift; path = Stub.swift; sourceTree = "<group>"; };
		22B762B820BFB6FA00A8D84F /* SearchResultsController.swift */ = {isa = PBXFileReference; lastKnownFileType = sourcecode.swift; path = SearchResultsController.swift; sourceTree = "<group>"; };
		22B762BB20BFBC3600A8D84F /* SearchResultsDataSource.swift */ = {isa = PBXFileReference; lastKnownFileType = sourcecode.swift; path = SearchResultsDataSource.swift; sourceTree = "<group>"; };
/* End PBXFileReference section */

/* Begin PBXFrameworksBuildPhase section */
		22B7629320BF9B6B00A8D84F /* Frameworks */ = {
			isa = PBXFrameworksBuildPhase;
			buildActionMask = 2147483647;
			files = (
			);
			runOnlyForDeploymentPostprocessing = 0;
		};
/* End PBXFrameworksBuildPhase section */

/* Begin PBXGroup section */
		223F0CD320D5D0F600279E11 /* Endpoint */ = {
			isa = PBXGroup;
			children = (
				223F0CD620D5D17200279E11 /* Endpoint.swift */,
				223F0CD420D5D11A00279E11 /* ItunesMedia.swift */,
				22A8B5B920D71FCD00A8CF6E /* ItunesEntity.swift */,
				22A8B5BD20D72C5400A8CF6E /* ItunesAttribute.swift */,
				22A8B5BB20D724D400A8CF6E /* QueryItemProvider.swift */,
			);
			path = Endpoint;
			sourceTree = "<group>";
		};
		2272F0A420CDE1A000781228 /* View Models */ = {
			isa = PBXGroup;
			children = (
				2272F0A520CDE1B300781228 /* AlbumCellViewModel.swift */,
				223F0CCB20D5BFC400279E11 /* AlbumDetailViewModel.swift */,
				223F0CD120D5C7E200279E11 /* SongViewModel.swift */,
			);
			path = "View Models";
			sourceTree = "<group>";
		};
		22B7628D20BF9B6B00A8D84F = {
			isa = PBXGroup;
			children = (
				22B7629820BF9B6B00A8D84F /* iTunesClient */,
				22B7629720BF9B6B00A8D84F /* Products */,
			);
			sourceTree = "<group>";
		};
		22B7629720BF9B6B00A8D84F /* Products */ = {
			isa = PBXGroup;
			children = (
				22B7629620BF9B6B00A8D84F /* iTunesClient.app */,
			);
			name = Products;
			sourceTree = "<group>";
		};
		22B7629820BF9B6B00A8D84F /* iTunesClient */ = {
			isa = PBXGroup;
			children = (
				2272F0A420CDE1A000781228 /* View Models */,
				22B762BA20BFBC0800A8D84F /* Data Sources */,
				22B762AD20BF9BC100A8D84F /* Controllers */,
				22B762AC20BF9BBA00A8D84F /* Views */,
				22B762AB20BF9BB000A8D84F /* Models */,
				22B7629920BF9B6B00A8D84F /* AppDelegate.swift */,
				22B7629D20BF9B6B00A8D84F /* Main.storyboard */,
				22B762A220BF9B6D00A8D84F /* LaunchScreen.storyboard */,
				22B762A020BF9B6D00A8D84F /* Assets.xcassets */,
				22B762A520BF9B6D00A8D84F /* Info.plist */,
			);
			path = iTunesClient;
			sourceTree = "<group>";
		};
		22B762AB20BF9BB000A8D84F /* Models */ = {
			isa = PBXGroup;
			children = (
				223F0CD320D5D0F600279E11 /* Endpoint */,
				22B762AE20BF9BDC00A8D84F /* Artist.swift */,
				22B762B020BF9D0700A8D84F /* Genre.swift */,
				22B762B220BF9D7A00A8D84F /* Album.swift */,
				22B762B420BFA05B00A8D84F /* Song.swift */,
				22B762B620BFA41800A8D84F /* Stub.swift */,
			);
			path = Models;
			sourceTree = "<group>";
		};
		22B762AC20BF9BBA00A8D84F /* Views */ = {
			isa = PBXGroup;
			children = (
				2272F0A020CDDC1100781228 /* AlbumCell.swift */,
				223F0CCF20D5C68E00279E11 /* SongCell.swift */,
			);
			path = Views;
			sourceTree = "<group>";
		};
		22B762AD20BF9BC100A8D84F /* Controllers */ = {
			isa = PBXGroup;
			children = (
				22B7629B20BF9B6B00A8D84F /* ViewController.swift */,
				22B762B820BFB6FA00A8D84F /* SearchResultsController.swift */,
				2272F09E20CDDB6400781228 /* AlbumListController.swift */,
				223F0CC920D5BDDC00279E11 /* AlbumDetailController.swift */,
			);
			path = Controllers;
			sourceTree = "<group>";
		};
		22B762BA20BFBC0800A8D84F /* Data Sources */ = {
			isa = PBXGroup;
			children = (
				22B762BB20BFBC3600A8D84F /* SearchResultsDataSource.swift */,
				2272F0A220CDDE5700781228 /* AlbumListDataSource.swift */,
				223F0CCD20D5C5B400279E11 /* AlbumDetailDataSource.swift */,
			);
			path = "Data Sources";
			sourceTree = "<group>";
		};
/* End PBXGroup section */

/* Begin PBXNativeTarget section */
		22B7629520BF9B6B00A8D84F /* iTunesClient */ = {
			isa = PBXNativeTarget;
			buildConfigurationList = 22B762A820BF9B6D00A8D84F /* Build configuration list for PBXNativeTarget "iTunesClient" */;
			buildPhases = (
				22B7629220BF9B6B00A8D84F /* Sources */,
				22B7629320BF9B6B00A8D84F /* Frameworks */,
				22B7629420BF9B6B00A8D84F /* Resources */,
			);
			buildRules = (
			);
			dependencies = (
			);
			name = iTunesClient;
			productName = iTunesClient;
			productReference = 22B7629620BF9B6B00A8D84F /* iTunesClient.app */;
			productType = "com.apple.product-type.application";
		};
/* End PBXNativeTarget section */

/* Begin PBXProject section */
		22B7628E20BF9B6B00A8D84F /* Project object */ = {
			isa = PBXProject;
			attributes = {
				LastSwiftUpdateCheck = 0930;
				LastUpgradeCheck = 0930;
				ORGANIZATIONNAME = "Samuel Yanez";
				TargetAttributes = {
					22B7629520BF9B6B00A8D84F = {
						CreatedOnToolsVersion = 9.3.1;
					};
				};
			};
			buildConfigurationList = 22B7629120BF9B6B00A8D84F /* Build configuration list for PBXProject "iTunesClient" */;
			compatibilityVersion = "Xcode 9.3";
			developmentRegion = en;
			hasScannedForEncodings = 0;
			knownRegions = (
				en,
				Base,
			);
			mainGroup = 22B7628D20BF9B6B00A8D84F;
			productRefGroup = 22B7629720BF9B6B00A8D84F /* Products */;
			projectDirPath = "";
			projectRoot = "";
			targets = (
				22B7629520BF9B6B00A8D84F /* iTunesClient */,
			);
		};
/* End PBXProject section */

/* Begin PBXResourcesBuildPhase section */
		22B7629420BF9B6B00A8D84F /* Resources */ = {
			isa = PBXResourcesBuildPhase;
			buildActionMask = 2147483647;
			files = (
				22B762A420BF9B6D00A8D84F /* LaunchScreen.storyboard in Resources */,
				22B762A120BF9B6D00A8D84F /* Assets.xcassets in Resources */,
				22B7629F20BF9B6B00A8D84F /* Main.storyboard in Resources */,
			);
			runOnlyForDeploymentPostprocessing = 0;
		};
/* End PBXResourcesBuildPhase section */

/* Begin PBXSourcesBuildPhase section */
		22B7629220BF9B6B00A8D84F /* Sources */ = {
			isa = PBXSourcesBuildPhase;
			buildActionMask = 2147483647;
			files = (
				22B762B520BFA05B00A8D84F /* Song.swift in Sources */,
				22B762AF20BF9BDC00A8D84F /* Artist.swift in Sources */,
				22B7629C20BF9B6B00A8D84F /* ViewController.swift in Sources */,
				22A8B5BA20D71FCD00A8CF6E /* ItunesEntity.swift in Sources */,
				2272F0A620CDE1B300781228 /* AlbumCellViewModel.swift in Sources */,
				22B7629A20BF9B6B00A8D84F /* AppDelegate.swift in Sources */,
				223F0CCE20D5C5B400279E11 /* AlbumDetailDataSource.swift in Sources */,
				2272F0A320CDDE5700781228 /* AlbumListDataSource.swift in Sources */,
				22A8B5BC20D724D400A8CF6E /* QueryItemProvider.swift in Sources */,
				223F0CD520D5D11A00279E11 /* ItunesMedia.swift in Sources */,
				223F0CD220D5C7E200279E11 /* SongViewModel.swift in Sources */,
				223F0CCA20D5BDDC00279E11 /* AlbumDetailController.swift in Sources */,
				22B762B920BFB6FA00A8D84F /* SearchResultsController.swift in Sources */,
				2272F09F20CDDB6400781228 /* AlbumListController.swift in Sources */,
				223F0CD020D5C68E00279E11 /* SongCell.swift in Sources */,
				22B762B120BF9D0700A8D84F /* Genre.swift in Sources */,
				22A8B5BE20D72C5400A8CF6E /* ItunesAttribute.swift in Sources */,
				223F0CD720D5D17200279E11 /* Endpoint.swift in Sources */,
				22B762B320BF9D7A00A8D84F /* Album.swift in Sources */,
				22B762BC20BFBC3600A8D84F /* SearchResultsDataSource.swift in Sources */,
				2272F0A120CDDC1100781228 /* AlbumCell.swift in Sources */,
				22B762B720BFA41800A8D84F /* Stub.swift in Sources */,
				223F0CCC20D5BFC400279E11 /* AlbumDetailViewModel.swift in Sources */,
			);
			runOnlyForDeploymentPostprocessing = 0;
		};
/* End PBXSourcesBuildPhase section */

/* Begin PBXVariantGroup section */
		22B7629D20BF9B6B00A8D84F /* Main.storyboard */ = {
			isa = PBXVariantGroup;
			children = (
				22B7629E20BF9B6B00A8D84F /* Base */,
			);
			name = Main.storyboard;
			sourceTree = "<group>";
		};
		22B762A220BF9B6D00A8D84F /* LaunchScreen.storyboard */ = {
			isa = PBXVariantGroup;
			children = (
				22B762A320BF9B6D00A8D84F /* Base */,
			);
			name = LaunchScreen.storyboard;
			sourceTree = "<group>";
		};
/* End PBXVariantGroup section */

/* Begin XCBuildConfiguration section */
		22B762A620BF9B6D00A8D84F /* Debug */ = {
			isa = XCBuildConfiguration;
			buildSettings = {
				ALWAYS_SEARCH_USER_PATHS = NO;
				CLANG_ANALYZER_NONNULL = YES;
				CLANG_ANALYZER_NUMBER_OBJECT_CONVERSION = YES_AGGRESSIVE;
				CLANG_CXX_LANGUAGE_STANDARD = "gnu++14";
				CLANG_CXX_LIBRARY = "libc++";
				CLANG_ENABLE_MODULES = YES;
				CLANG_ENABLE_OBJC_ARC = YES;
				CLANG_ENABLE_OBJC_WEAK = YES;
				CLANG_WARN_BLOCK_CAPTURE_AUTORELEASING = YES;
				CLANG_WARN_BOOL_CONVERSION = YES;
				CLANG_WARN_COMMA = YES;
				CLANG_WARN_CONSTANT_CONVERSION = YES;
				CLANG_WARN_DEPRECATED_OBJC_IMPLEMENTATIONS = YES;
				CLANG_WARN_DIRECT_OBJC_ISA_USAGE = YES_ERROR;
				CLANG_WARN_DOCUMENTATION_COMMENTS = YES;
				CLANG_WARN_EMPTY_BODY = YES;
				CLANG_WARN_ENUM_CONVERSION = YES;
				CLANG_WARN_INFINITE_RECURSION = YES;
				CLANG_WARN_INT_CONVERSION = YES;
				CLANG_WARN_NON_LITERAL_NULL_CONVERSION = YES;
				CLANG_WARN_OBJC_IMPLICIT_RETAIN_SELF = YES;
				CLANG_WARN_OBJC_LITERAL_CONVERSION = YES;
				CLANG_WARN_OBJC_ROOT_CLASS = YES_ERROR;
				CLANG_WARN_RANGE_LOOP_ANALYSIS = YES;
				CLANG_WARN_STRICT_PROTOTYPES = YES;
				CLANG_WARN_SUSPICIOUS_MOVE = YES;
				CLANG_WARN_UNGUARDED_AVAILABILITY = YES_AGGRESSIVE;
				CLANG_WARN_UNREACHABLE_CODE = YES;
				CLANG_WARN__DUPLICATE_METHOD_MATCH = YES;
				CODE_SIGN_IDENTITY = "iPhone Developer";
				COPY_PHASE_STRIP = NO;
				DEBUG_INFORMATION_FORMAT = dwarf;
				ENABLE_STRICT_OBJC_MSGSEND = YES;
				ENABLE_TESTABILITY = YES;
				GCC_C_LANGUAGE_STANDARD = gnu11;
				GCC_DYNAMIC_NO_PIC = NO;
				GCC_NO_COMMON_BLOCKS = YES;
				GCC_OPTIMIZATION_LEVEL = 0;
				GCC_PREPROCESSOR_DEFINITIONS = (
					"DEBUG=1",
					"$(inherited)",
				);
				GCC_WARN_64_TO_32_BIT_CONVERSION = YES;
				GCC_WARN_ABOUT_RETURN_TYPE = YES_ERROR;
				GCC_WARN_UNDECLARED_SELECTOR = YES;
				GCC_WARN_UNINITIALIZED_AUTOS = YES_AGGRESSIVE;
				GCC_WARN_UNUSED_FUNCTION = YES;
				GCC_WARN_UNUSED_VARIABLE = YES;
				IPHONEOS_DEPLOYMENT_TARGET = 11.3;
				MTL_ENABLE_DEBUG_INFO = YES;
				ONLY_ACTIVE_ARCH = YES;
				SDKROOT = iphoneos;
				SWIFT_ACTIVE_COMPILATION_CONDITIONS = DEBUG;
				SWIFT_OPTIMIZATION_LEVEL = "-Onone";
			};
			name = Debug;
		};
		22B762A720BF9B6D00A8D84F /* Release */ = {
			isa = XCBuildConfiguration;
			buildSettings = {
				ALWAYS_SEARCH_USER_PATHS = NO;
				CLANG_ANALYZER_NONNULL = YES;
				CLANG_ANALYZER_NUMBER_OBJECT_CONVERSION = YES_AGGRESSIVE;
				CLANG_CXX_LANGUAGE_STANDARD = "gnu++14";
				CLANG_CXX_LIBRARY = "libc++";
				CLANG_ENABLE_MODULES = YES;
				CLANG_ENABLE_OBJC_ARC = YES;
				CLANG_ENABLE_OBJC_WEAK = YES;
				CLANG_WARN_BLOCK_CAPTURE_AUTORELEASING = YES;
				CLANG_WARN_BOOL_CONVERSION = YES;
				CLANG_WARN_COMMA = YES;
				CLANG_WARN_CONSTANT_CONVERSION = YES;
				CLANG_WARN_DEPRECATED_OBJC_IMPLEMENTATIONS = YES;
				CLANG_WARN_DIRECT_OBJC_ISA_USAGE = YES_ERROR;
				CLANG_WARN_DOCUMENTATION_COMMENTS = YES;
				CLANG_WARN_EMPTY_BODY = YES;
				CLANG_WARN_ENUM_CONVERSION = YES;
				CLANG_WARN_INFINITE_RECURSION = YES;
				CLANG_WARN_INT_CONVERSION = YES;
				CLANG_WARN_NON_LITERAL_NULL_CONVERSION = YES;
				CLANG_WARN_OBJC_IMPLICIT_RETAIN_SELF = YES;
				CLANG_WARN_OBJC_LITERAL_CONVERSION = YES;
				CLANG_WARN_OBJC_ROOT_CLASS = YES_ERROR;
				CLANG_WARN_RANGE_LOOP_ANALYSIS = YES;
				CLANG_WARN_STRICT_PROTOTYPES = YES;
				CLANG_WARN_SUSPICIOUS_MOVE = YES;
				CLANG_WARN_UNGUARDED_AVAILABILITY = YES_AGGRESSIVE;
				CLANG_WARN_UNREACHABLE_CODE = YES;
				CLANG_WARN__DUPLICATE_METHOD_MATCH = YES;
				CODE_SIGN_IDENTITY = "iPhone Developer";
				COPY_PHASE_STRIP = NO;
				DEBUG_INFORMATION_FORMAT = "dwarf-with-dsym";
				ENABLE_NS_ASSERTIONS = NO;
				ENABLE_STRICT_OBJC_MSGSEND = YES;
				GCC_C_LANGUAGE_STANDARD = gnu11;
				GCC_NO_COMMON_BLOCKS = YES;
				GCC_WARN_64_TO_32_BIT_CONVERSION = YES;
				GCC_WARN_ABOUT_RETURN_TYPE = YES_ERROR;
				GCC_WARN_UNDECLARED_SELECTOR = YES;
				GCC_WARN_UNINITIALIZED_AUTOS = YES_AGGRESSIVE;
				GCC_WARN_UNUSED_FUNCTION = YES;
				GCC_WARN_UNUSED_VARIABLE = YES;
				IPHONEOS_DEPLOYMENT_TARGET = 11.3;
				MTL_ENABLE_DEBUG_INFO = NO;
				SDKROOT = iphoneos;
				SWIFT_COMPILATION_MODE = wholemodule;
				SWIFT_OPTIMIZATION_LEVEL = "-O";
				VALIDATE_PRODUCT = YES;
			};
			name = Release;
		};
		22B762A920BF9B6D00A8D84F /* Debug */ = {
			isa = XCBuildConfiguration;
			buildSettings = {
				ASSETCATALOG_COMPILER_APPICON_NAME = AppIcon;
				CODE_SIGN_STYLE = Automatic;
				DEVELOPMENT_TEAM = QFXSZ288GU;
				INFOPLIST_FILE = iTunesClient/Info.plist;
				LD_RUNPATH_SEARCH_PATHS = (
					"$(inherited)",
					"@executable_path/Frameworks",
				);
				PRODUCT_BUNDLE_IDENTIFIER = com.example.iTunesClient;
				PRODUCT_NAME = "$(TARGET_NAME)";
				SWIFT_VERSION = 4.0;
				TARGETED_DEVICE_FAMILY = "1,2";
			};
			name = Debug;
		};
		22B762AA20BF9B6D00A8D84F /* Release */ = {
			isa = XCBuildConfiguration;
			buildSettings = {
				ASSETCATALOG_COMPILER_APPICON_NAME = AppIcon;
				CODE_SIGN_STYLE = Automatic;
				DEVELOPMENT_TEAM = QFXSZ288GU;
				INFOPLIST_FILE = iTunesClient/Info.plist;
				LD_RUNPATH_SEARCH_PATHS = (
					"$(inherited)",
					"@executable_path/Frameworks",
				);
				PRODUCT_BUNDLE_IDENTIFIER = com.example.iTunesClient;
				PRODUCT_NAME = "$(TARGET_NAME)";
				SWIFT_VERSION = 4.0;
				TARGETED_DEVICE_FAMILY = "1,2";
			};
			name = Release;
		};
/* End XCBuildConfiguration section */

/* Begin XCConfigurationList section */
		22B7629120BF9B6B00A8D84F /* Build configuration list for PBXProject "iTunesClient" */ = {
			isa = XCConfigurationList;
			buildConfigurations = (
				22B762A620BF9B6D00A8D84F /* Debug */,
				22B762A720BF9B6D00A8D84F /* Release */,
			);
			defaultConfigurationIsVisible = 0;
			defaultConfigurationName = Release;
		};
		22B762A820BF9B6D00A8D84F /* Build configuration list for PBXNativeTarget "iTunesClient" */ = {
			isa = XCConfigurationList;
			buildConfigurations = (
				22B762A920BF9B6D00A8D84F /* Debug */,
				22B762AA20BF9B6D00A8D84F /* Release */,
			);
			defaultConfigurationIsVisible = 0;
			defaultConfigurationName = Release;
		};
/* End XCConfigurationList section */
	};
	rootObject = 22B7628E20BF9B6B00A8D84F /* Project object */;
}
